
Microsoft Visual Studio Solution File, Format Version 12.00
# Visual Studio Version 17
VisualStudioVersion = 17.4.33110.190
MinimumVisualStudioVersion = 10.0.40219.1
Project("{FAE04EC0-301F-11D3-BF4B-00C04F79EFBC}") = "DataManager", "DataManager\DataManager.csproj", "{9108F47F-9D0B-459E-B327-874D9A938A90}"
EndProject
Global
	GlobalSection(SolutionConfigurationPlatforms) = preSolution
		Debug|Any CPU = Debug|Any CPU
		Release|Any CPU = Release|Any CPU
	EndGlobalSection
	GlobalSection(ProjectConfigurationPlatforms) = postSolution
		{9108F47F-9D0B-459E-B327-874D9A938A90}.Debug|Any CPU.ActiveCfg = Debug|Any CPU
		{9108F47F-9D0B-459E-B327-874D9A938A90}.Debug|Any CPU.Build.0 = Debug|Any CPU
		{9108F47F-9D0B-459E-B327-874D9A938A90}.Release|Any CPU.ActiveCfg = Release|Any CPU
		{9108F47F-9D0B-459E-B327-874D9A938A90}.Release|Any CPU.Build.0 = Release|Any CPU
	EndGlobalSection
	GlobalSection(SolutionProperties) = preSolution
		HideSolutionNode = FALSE
	EndGlobalSection
	GlobalSection(ExtensibilityGlobals) = postSolution
		SolutionGuid = {8EF0E4DA-18FF-4D81-AD54-C202F9B32DCA}
	EndGlobalSection
EndGlobal
